<?xml version="1.0" encoding="UTF-8" standalone="yes" ?>
<CodeBlocks_project_file>
	<FileVersion major="1" minor="6" />
	<Project>
		<Option title="SnakeSFML" />
		<Option pch_mode="2" />
		<Option compiler="gcc" />
		<Build>
			<Target title="Debug">
				<Option output="bin/Debug/SnakeSFML" prefix_auto="1" extension_auto="1" />
				<Option object_output="obj/Debug/" />
				<Option type="1" />
				<Option compiler="gcc" />
				<Compiler>
					<Add option="-g" />
					<Add directory="Sources" />
					<Add directory="Sources/" />
				</Compiler>
				<Linker>
					<Add library="sfml-graphics" />
					<Add library="sfml-window" />
					<Add library="sfml-system" />
				</Linker>
			</Target>
			<Target title="Release">
				<Option output="bin/Release/SnakeSFML" prefix_auto="1" extension_auto="1" />
				<Option object_output="obj/Release/" />
				<Option type="0" />
				<Option compiler="gcc" />
				<Compiler>
					<Add option="-O2" />
					<Add directory="Sources" />
					<Add directory="Sources/" />
				</Compiler>
				<Linker>
					<Add option="-s" />
					<Add library="sfml-graphics" />
					<Add library="sfml-window" />
					<Add library="sfml-system" />
				</Linker>
			</Target>
		</Build>
		<Compiler>
			<Add option="-std=c++11" />
			<Add option="-Wall" />
		</Compiler>
		<Unit filename="Sources/Arkona/Arkona.cpp" />
		<Unit filename="Sources/Arkona/Arkona.h" />
		<Unit filename="Sources/Board.cpp" />
		<Unit filename="Sources/Board.h" />
		<Unit filename="Sources/Food.cpp" />
		<Unit filename="Sources/Food.h" />
		<Unit filename="Sources/Menu.cpp" />
		<Unit filename="Sources/Menu.h" />
		<Unit filename="Sources/Root.cpp" />
		<Unit filename="Sources/Root.h" />
		<Unit filename="Sources/Snake.cpp" />
		<Unit filename="Sources/Snake.h" />
		<Unit filename="cb.bmp" />
		<Unit filename="main.cpp" />
		<Extensions>
			<code_completion />
			<debugger />
		</Extensions>
	</Project>
</CodeBlocks_project_file>
